{
  "name": "@harshith6322/medium-common",
  "version": "1.0.1",
  "lockfileVersion": 2,
  "requires": true,
  "packages": {
    "": {
      "name": "@harshith6322/medium-common",
      "version": "1.0.1",
      "license": "ISC",
      "dependencies": {
        "@harshith6322/medium-common": "^1.0.1",
        "zod": "^3.23.8"
      }
    },
    "node_modules/@harshith6322/medium-common": {
      "version": "1.0.1",
      "resolved": "https://registry.npmjs.org/@harshith6322/medium-common/-/medium-common-1.0.1.tgz",
      "integrity": "sha512-LMIVz9ZS0sh4pi7AUZoMSgPQC3lhqLUvQ8UzJ9ir0nTXKJRtz25vnW7Eb9SqG80Z24oVYGMSfesRpjdVoM13sg==",
      "dependencies": {
        "zod": "^3.23.8"
      }
    },
    "node_modules/zod": {
      "version": "3.23.8",
      "resolved": "https://registry.npmjs.org/zod/-/zod-3.23.8.tgz",
      "integrity": "sha512-XBx9AXhXktjUqnepgTiE5flcKIYWi/rme0Eaj+5Y0lftuGBq+jyRu/md4WnuxqgP1ubdpNCsYEYPxrzVHD8d6g==",
      "funding": {
        "url": "https://github.com/sponsors/colinhacks"
      }
    }
  },
  "dependencies": {
    "@harshith6322/medium-common": {
      "version": "1.0.1",
      "resolved": "https://registry.npmjs.org/@harshith6322/medium-common/-/medium-common-1.0.1.tgz",
      "integrity": "sha512-LMIVz9ZS0sh4pi7AUZoMSgPQC3lhqLUvQ8UzJ9ir0nTXKJRtz25vnW7Eb9SqG80Z24oVYGMSfesRpjdVoM13sg==",
      "requires": {
        "zod": "^3.23.8"
      }
    },
    "zod": {
      "version": "3.23.8",
      "resolved": "https://registry.npmjs.org/zod/-/zod-3.23.8.tgz",
      "integrity": "sha512-XBx9AXhXktjUqnepgTiE5flcKIYWi/rme0Eaj+5Y0lftuGBq+jyRu/md4WnuxqgP1ubdpNCsYEYPxrzVHD8d6g=="
    }
  }
}
